
Microsoft Visual Studio Solution File, Format Version 12.00
# Visual Studio Version 17
VisualStudioVersion = 17.4.32916.344
MinimumVisualStudioVersion = 10.0.40219.1
Project("{FAE04EC0-301F-11D3-BF4B-00C04F79EFBC}") = "BlazorWebAssembly", "BlazorWebAssembly\BlazorWebAssembly.csproj", "{205F6A1C-C5AB-43CA-BE3A-47D000A9192F}"
EndProject
Global
	GlobalSection(SolutionConfigurationPlatforms) = preSolution
		Debug|Any CPU = Debug|Any CPU
		Release|Any CPU = Release|Any CPU
	EndGlobalSection
	GlobalSection(ProjectConfigurationPlatforms) = postSolution
		{205F6A1C-C5AB-43CA-BE3A-47D000A9192F}.Debug|Any CPU.ActiveCfg = Debug|Any CPU
		{205F6A1C-C5AB-43CA-BE3A-47D000A9192F}.Debug|Any CPU.Build.0 = Debug|Any CPU
		{205F6A1C-C5AB-43CA-BE3A-47D000A9192F}.Release|Any CPU.ActiveCfg = Release|Any CPU
		{205F6A1C-C5AB-43CA-BE3A-47D000A9192F}.Release|Any CPU.Build.0 = Release|Any CPU
	EndGlobalSection
	GlobalSection(SolutionProperties) = preSolution
		HideSolutionNode = FALSE
	EndGlobalSection
	GlobalSection(ExtensibilityGlobals) = postSolution
		SolutionGuid = {CBF1936A-83AD-44F9-B128-9F044674D46B}
	EndGlobalSection
EndGlobal
