
Microsoft Visual Studio Solution File, Format Version 12.00
# Visual Studio Version 16
VisualStudioVersion = 16.0.31702.278
MinimumVisualStudioVersion = 10.0.40219.1
Project("{FAE04EC0-301F-11D3-BF4B-00C04F79EFBC}") = "BookApi", "BookApi\BookApi.csproj", "{235B1677-E318-435B-A1FD-A3C8D026AE2E}"
EndProject
Global
	GlobalSection(SolutionConfigurationPlatforms) = preSolution
		Debug|Any CPU = Debug|Any CPU
		Release|Any CPU = Release|Any CPU
	EndGlobalSection
	GlobalSection(ProjectConfigurationPlatforms) = postSolution
		{235B1677-E318-435B-A1FD-A3C8D026AE2E}.Debug|Any CPU.ActiveCfg = Debug|Any CPU
		{235B1677-E318-435B-A1FD-A3C8D026AE2E}.Debug|Any CPU.Build.0 = Debug|Any CPU
		{235B1677-E318-435B-A1FD-A3C8D026AE2E}.Release|Any CPU.ActiveCfg = Release|Any CPU
		{235B1677-E318-435B-A1FD-A3C8D026AE2E}.Release|Any CPU.Build.0 = Release|Any CPU
	EndGlobalSection
	GlobalSection(SolutionProperties) = preSolution
		HideSolutionNode = FALSE
	EndGlobalSection
	GlobalSection(ExtensibilityGlobals) = postSolution
		SolutionGuid = {1EF242BA-84A9-44DB-9D71-B1FD7B9BE60B}
	EndGlobalSection
EndGlobal
