
Microsoft Visual Studio Solution File, Format Version 12.00
# Visual Studio Version 17
VisualStudioVersion = 17.6.33712.159
MinimumVisualStudioVersion = 10.0.40219.1
Project("{F2A71F9B-5D33-465A-A702-920D77279786}") = "ASPNETFSharp", "ASPNETFSharp\ASPNETFSharp.fsproj", "{4E13B911-8899-446A-A9AB-AC3D06DDA754}"
EndProject
Global
	GlobalSection(SolutionConfigurationPlatforms) = preSolution
		Debug|Any CPU = Debug|Any CPU
		Release|Any CPU = Release|Any CPU
	EndGlobalSection
	GlobalSection(ProjectConfigurationPlatforms) = postSolution
		{4E13B911-8899-446A-A9AB-AC3D06DDA754}.Debug|Any CPU.ActiveCfg = Debug|Any CPU
		{4E13B911-8899-446A-A9AB-AC3D06DDA754}.Debug|Any CPU.Build.0 = Debug|Any CPU
		{4E13B911-8899-446A-A9AB-AC3D06DDA754}.Release|Any CPU.ActiveCfg = Release|Any CPU
		{4E13B911-8899-446A-A9AB-AC3D06DDA754}.Release|Any CPU.Build.0 = Release|Any CPU
	EndGlobalSection
	GlobalSection(SolutionProperties) = preSolution
		HideSolutionNode = FALSE
	EndGlobalSection
	GlobalSection(ExtensibilityGlobals) = postSolution
		SolutionGuid = {3233F4D8-F258-4CB6-A1CD-54E754A6A292}
	EndGlobalSection
EndGlobal
