
Microsoft Visual Studio Solution File, Format Version 12.00
# Visual Studio Version 17
VisualStudioVersion = 17.2.32526.322
MinimumVisualStudioVersion = 10.0.40219.1
Project("{FAE04EC0-301F-11D3-BF4B-00C04F79EFBC}") = "HelperLibrary", "HelperLibrary\HelperLibrary.csproj", "{9261DD03-7DBE-4D58-9B2F-41587F31B8BF}"
EndProject
Global
	GlobalSection(SolutionConfigurationPlatforms) = preSolution
		Debug|Any CPU = Debug|Any CPU
		Release|Any CPU = Release|Any CPU
	EndGlobalSection
	GlobalSection(ProjectConfigurationPlatforms) = postSolution
		{9261DD03-7DBE-4D58-9B2F-41587F31B8BF}.Debug|Any CPU.ActiveCfg = Debug|Any CPU
		{9261DD03-7DBE-4D58-9B2F-41587F31B8BF}.Debug|Any CPU.Build.0 = Debug|Any CPU
		{9261DD03-7DBE-4D58-9B2F-41587F31B8BF}.Release|Any CPU.ActiveCfg = Release|Any CPU
		{9261DD03-7DBE-4D58-9B2F-41587F31B8BF}.Release|Any CPU.Build.0 = Release|Any CPU
	EndGlobalSection
	GlobalSection(SolutionProperties) = preSolution
		HideSolutionNode = FALSE
	EndGlobalSection
	GlobalSection(ExtensibilityGlobals) = postSolution
		SolutionGuid = {67B3F9C7-99A4-48C7-BD20-8E8792846109}
	EndGlobalSection
EndGlobal
